
Microsoft Visual Studio Solution File, Format Version 12.00
# Visual Studio Version 17
VisualStudioVersion = 17.8.34316.72
MinimumVisualStudioVersion = 10.0.40219.1
Project("{2150E333-8FDC-42A3-9474-1A3956D46DE8}") = "yolov8", "yolov8", "{B98C2EFF-8132-4D9F-BD60-EAE6D31C501E}"
EndProject
Project("{FAE04EC0-301F-11D3-BF4B-00C04F79EFBC}") = "yolov8_sample_opencvsharp", "sample_model_yolov8\yolov8_sample_opencvsharp\yolov8_sample_opencvsharp.csproj", "{AD7D07F9-5581-4342-93FE-8C58F71FF060}"
EndProject
Global
	GlobalSection(SolutionConfigurationPlatforms) = preSolution
		Debug|Any CPU = Debug|Any CPU
		Release|Any CPU = Release|Any CPU
	EndGlobalSection
	GlobalSection(ProjectConfigurationPlatforms) = postSolution
		{AD7D07F9-5581-4342-93FE-8C58F71FF060}.Debug|Any CPU.ActiveCfg = Debug|Any CPU
		{AD7D07F9-5581-4342-93FE-8C58F71FF060}.Debug|Any CPU.Build.0 = Debug|Any CPU
		{AD7D07F9-5581-4342-93FE-8C58F71FF060}.Release|Any CPU.ActiveCfg = Release|Any CPU
		{AD7D07F9-5581-4342-93FE-8C58F71FF060}.Release|Any CPU.Build.0 = Release|Any CPU
	EndGlobalSection
	GlobalSection(SolutionProperties) = preSolution
		HideSolutionNode = FALSE
	EndGlobalSection
	GlobalSection(NestedProjects) = preSolution
		{AD7D07F9-5581-4342-93FE-8C58F71FF060} = {B98C2EFF-8132-4D9F-BD60-EAE6D31C501E}
	EndGlobalSection
	GlobalSection(ExtensibilityGlobals) = postSolution
		SolutionGuid = {CA913FE5-7712-4872-B047-4201AC13945F}
	EndGlobalSection
EndGlobal
