
Microsoft Visual Studio Solution File, Format Version 12.00
# Visual Studio Version 17
VisualStudioVersion = 17.8.34316.72
MinimumVisualStudioVersion = 10.0.40219.1
Project("{2150E333-8FDC-42A3-9474-1A3956D46DE8}") = "model_samples", "model_samples", "{FD5EEDDB-D72B-4F00-8861-4A467AAF6D93}"
EndProject
Project("{2150E333-8FDC-42A3-9474-1A3956D46DE8}") = "yolov8", "yolov8", "{22210060-4300-49C7-8103-574B5A524191}"
EndProject
Project("{9A19103F-16F7-4668-BE54-9A1E7A4F7556}") = "yolov8_det_opencvsharp", "model_samples\yolov8\yolov8_det_opencvsharp\yolov8_det_opencvsharp.csproj", "{B20F44D2-CCD3-494D-B799-4EC3D86F5EA9}"
EndProject
Project("{2150E333-8FDC-42A3-9474-1A3956D46DE8}") = "rt-detr", "rt-detr", "{B073CC1F-9382-4D88-8EC3-67C3A81389E7}"
EndProject
Project("{9A19103F-16F7-4668-BE54-9A1E7A4F7556}") = "rt-detr_opencvsharp", "model_samples\rt-detr\rt-detr_opencvsharp\rt-detr_opencvsharp.csproj", "{BF058421-1E73-479B-8D2F-F8CABF855FFD}"
EndProject
Project("{9A19103F-16F7-4668-BE54-9A1E7A4F7556}") = "rt-detr_emgucv", "model_samples\rt-detr\rt-detr_emgucv\rt-detr_emgucv.csproj", "{CEDF0959-866C-4465-B163-3894E1570163}"
EndProject
Project("{9A19103F-16F7-4668-BE54-9A1E7A4F7556}") = "yolov8_det_emgucv", "model_samples\yolov8\yolov8_det_emgucv\yolov8_det_emgucv.csproj", "{995B46ED-D51E-42A8-98BE-4D9B9EC5FA2B}"
EndProject
Project("{2150E333-8FDC-42A3-9474-1A3956D46DE8}") = "ppyoloe", "ppyoloe", "{3D5ED70D-1EB5-4CA9-B221-2F5AB36E4702}"
EndProject
Project("{9A19103F-16F7-4668-BE54-9A1E7A4F7556}") = "ppyoloe_opencvsharp", "model_samples\ppyoloe\ppyoloe_opencvsharp\ppyoloe_opencvsharp.csproj", "{5905CF35-FBBF-4B3A-8A8A-7A538EC5F2D7}"
EndProject
Project("{9A19103F-16F7-4668-BE54-9A1E7A4F7556}") = "ppyoloe_emgucv", "model_samples\ppyoloe\ppyoloe_emgucv\ppyoloe_emgucv.csproj", "{B740E387-CC06-41D2-85AB-0626DB56E8C1}"
EndProject
Project("{2150E333-8FDC-42A3-9474-1A3956D46DE8}") = "yolov5", "yolov5", "{0A4AD4B2-D79B-4BDD-8FEF-EC359E2E0CFA}"
EndProject
Project("{9A19103F-16F7-4668-BE54-9A1E7A4F7556}") = "yolov5_det_opencvsharp", "model_samples\yolov5\yolov5_det_opencvsharp\yolov5_det_opencvsharp.csproj", "{285F6566-311C-445A-A395-9B0383F0F30E}"
EndProject
Project("{9A19103F-16F7-4668-BE54-9A1E7A4F7556}") = "yolov5_det_emgucv", "model_samples\yolov5\yolov5_det_emgucv\yolov5_det_emgucv.csproj", "{0F1174AA-CC60-4053-BF9D-6AF52D04A3DD}"
EndProject
Project("{2150E333-8FDC-42A3-9474-1A3956D46DE8}") = "yolov6", "yolov6", "{4DE1251C-EAD6-419B-8B1A-72F0A8F95E44}"
EndProject
Project("{9A19103F-16F7-4668-BE54-9A1E7A4F7556}") = "yolov6_det_opencvsharp", "model_samples\yolov6\yolov6_det_opencvsharp\yolov6_det_opencvsharp.csproj", "{FE2FAEA6-2F38-4B6B-958C-63C227F3D891}"
EndProject
Project("{9A19103F-16F7-4668-BE54-9A1E7A4F7556}") = "yolov6_det_emgucv", "model_samples\yolov6\yolov6_det_emgucv\yolov6_det_emgucv.csproj", "{C4E11F97-1B28-494F-8D77-735DACEB571A}"
EndProject
Project("{2150E333-8FDC-42A3-9474-1A3956D46DE8}") = "yolov7", "yolov7", "{9C287F34-BD56-40A0-9581-70C8BBBBC63B}"
EndProject
Project("{9A19103F-16F7-4668-BE54-9A1E7A4F7556}") = "yolov7_det_opencvsharp", "model_samples\yolov7\yolov7_det_opencvsharp\yolov7_det_opencvsharp.csproj", "{27856D3C-20DE-44FB-A2AA-FDEF2BB84614}"
EndProject
Project("{9A19103F-16F7-4668-BE54-9A1E7A4F7556}") = "yolov7_det_emgucv", "model_samples\yolov7\yolov7_det_emgucv\yolov7_det_emgucv.csproj", "{8D76C3B6-3B5C-461B-8F0D-BB792CA55BF6}"
EndProject
Project("{9A19103F-16F7-4668-BE54-9A1E7A4F7556}") = "ppyoloe_r_opencvsharp", "model_samples\ppyoloe\ppyoloe_r_opencvsharp\ppyoloe_r_opencvsharp.csproj", "{ABBFD3F3-6BA0-4958-8492-A00D0702D09E}"
EndProject
Project("{2150E333-8FDC-42A3-9474-1A3956D46DE8}") = "face_detection", "face_detection", "{3FD0A123-2E09-4F04-AE8D-13A56DF632DE}"
EndProject
Project("{9A19103F-16F7-4668-BE54-9A1E7A4F7556}") = "blazeface_opencvsharp", "model_samples\face_detection\blazeface_opencvsharp\blazeface_opencvsharp.csproj", "{74A659EF-2E3B-47A9-9F78-A03D40D0D81D}"
EndProject
Project("{FAE04EC0-301F-11D3-BF4B-00C04F79EFBC}") = "yolov8_obb_opencvsharp", "model_samples\yolov8\yolov8_obb_opencvsharp\yolov8_obb_opencvsharp.csproj", "{5B87D4BD-AA29-49DC-98B4-562D0BB03519}"
EndProject
Global
	GlobalSection(SolutionConfigurationPlatforms) = preSolution
		Debug|Any CPU = Debug|Any CPU
		Release|Any CPU = Release|Any CPU
	EndGlobalSection
	GlobalSection(ProjectConfigurationPlatforms) = postSolution
		{B20F44D2-CCD3-494D-B799-4EC3D86F5EA9}.Debug|Any CPU.ActiveCfg = Debug|Any CPU
		{B20F44D2-CCD3-494D-B799-4EC3D86F5EA9}.Debug|Any CPU.Build.0 = Debug|Any CPU
		{B20F44D2-CCD3-494D-B799-4EC3D86F5EA9}.Release|Any CPU.ActiveCfg = Release|Any CPU
		{B20F44D2-CCD3-494D-B799-4EC3D86F5EA9}.Release|Any CPU.Build.0 = Release|Any CPU
		{BF058421-1E73-479B-8D2F-F8CABF855FFD}.Debug|Any CPU.ActiveCfg = Debug|Any CPU
		{BF058421-1E73-479B-8D2F-F8CABF855FFD}.Debug|Any CPU.Build.0 = Debug|Any CPU
		{BF058421-1E73-479B-8D2F-F8CABF855FFD}.Release|Any CPU.ActiveCfg = Release|Any CPU
		{BF058421-1E73-479B-8D2F-F8CABF855FFD}.Release|Any CPU.Build.0 = Release|Any CPU
		{CEDF0959-866C-4465-B163-3894E1570163}.Debug|Any CPU.ActiveCfg = Debug|Any CPU
		{CEDF0959-866C-4465-B163-3894E1570163}.Debug|Any CPU.Build.0 = Debug|Any CPU
		{CEDF0959-866C-4465-B163-3894E1570163}.Release|Any CPU.ActiveCfg = Release|Any CPU
		{CEDF0959-866C-4465-B163-3894E1570163}.Release|Any CPU.Build.0 = Release|Any CPU
		{995B46ED-D51E-42A8-98BE-4D9B9EC5FA2B}.Debug|Any CPU.ActiveCfg = Debug|Any CPU
		{995B46ED-D51E-42A8-98BE-4D9B9EC5FA2B}.Debug|Any CPU.Build.0 = Debug|Any CPU
		{995B46ED-D51E-42A8-98BE-4D9B9EC5FA2B}.Release|Any CPU.ActiveCfg = Release|Any CPU
		{995B46ED-D51E-42A8-98BE-4D9B9EC5FA2B}.Release|Any CPU.Build.0 = Release|Any CPU
		{5905CF35-FBBF-4B3A-8A8A-7A538EC5F2D7}.Debug|Any CPU.ActiveCfg = Debug|Any CPU
		{5905CF35-FBBF-4B3A-8A8A-7A538EC5F2D7}.Debug|Any CPU.Build.0 = Debug|Any CPU
		{5905CF35-FBBF-4B3A-8A8A-7A538EC5F2D7}.Release|Any CPU.ActiveCfg = Release|Any CPU
		{5905CF35-FBBF-4B3A-8A8A-7A538EC5F2D7}.Release|Any CPU.Build.0 = Release|Any CPU
		{B740E387-CC06-41D2-85AB-0626DB56E8C1}.Debug|Any CPU.ActiveCfg = Debug|Any CPU
		{B740E387-CC06-41D2-85AB-0626DB56E8C1}.Debug|Any CPU.Build.0 = Debug|Any CPU
		{B740E387-CC06-41D2-85AB-0626DB56E8C1}.Release|Any CPU.ActiveCfg = Release|Any CPU
		{B740E387-CC06-41D2-85AB-0626DB56E8C1}.Release|Any CPU.Build.0 = Release|Any CPU
		{285F6566-311C-445A-A395-9B0383F0F30E}.Debug|Any CPU.ActiveCfg = Debug|Any CPU
		{285F6566-311C-445A-A395-9B0383F0F30E}.Debug|Any CPU.Build.0 = Debug|Any CPU
		{285F6566-311C-445A-A395-9B0383F0F30E}.Release|Any CPU.ActiveCfg = Release|Any CPU
		{285F6566-311C-445A-A395-9B0383F0F30E}.Release|Any CPU.Build.0 = Release|Any CPU
		{0F1174AA-CC60-4053-BF9D-6AF52D04A3DD}.Debug|Any CPU.ActiveCfg = Debug|Any CPU
		{0F1174AA-CC60-4053-BF9D-6AF52D04A3DD}.Debug|Any CPU.Build.0 = Debug|Any CPU
		{0F1174AA-CC60-4053-BF9D-6AF52D04A3DD}.Release|Any CPU.ActiveCfg = Release|Any CPU
		{0F1174AA-CC60-4053-BF9D-6AF52D04A3DD}.Release|Any CPU.Build.0 = Release|Any CPU
		{FE2FAEA6-2F38-4B6B-958C-63C227F3D891}.Debug|Any CPU.ActiveCfg = Debug|Any CPU
		{FE2FAEA6-2F38-4B6B-958C-63C227F3D891}.Debug|Any CPU.Build.0 = Debug|Any CPU
		{FE2FAEA6-2F38-4B6B-958C-63C227F3D891}.Release|Any CPU.ActiveCfg = Release|Any CPU
		{FE2FAEA6-2F38-4B6B-958C-63C227F3D891}.Release|Any CPU.Build.0 = Release|Any CPU
		{C4E11F97-1B28-494F-8D77-735DACEB571A}.Debug|Any CPU.ActiveCfg = Debug|Any CPU
		{C4E11F97-1B28-494F-8D77-735DACEB571A}.Debug|Any CPU.Build.0 = Debug|Any CPU
		{C4E11F97-1B28-494F-8D77-735DACEB571A}.Release|Any CPU.ActiveCfg = Release|Any CPU
		{C4E11F97-1B28-494F-8D77-735DACEB571A}.Release|Any CPU.Build.0 = Release|Any CPU
		{27856D3C-20DE-44FB-A2AA-FDEF2BB84614}.Debug|Any CPU.ActiveCfg = Debug|Any CPU
		{27856D3C-20DE-44FB-A2AA-FDEF2BB84614}.Debug|Any CPU.Build.0 = Debug|Any CPU
		{27856D3C-20DE-44FB-A2AA-FDEF2BB84614}.Release|Any CPU.ActiveCfg = Release|Any CPU
		{27856D3C-20DE-44FB-A2AA-FDEF2BB84614}.Release|Any CPU.Build.0 = Release|Any CPU
		{8D76C3B6-3B5C-461B-8F0D-BB792CA55BF6}.Debug|Any CPU.ActiveCfg = Debug|Any CPU
		{8D76C3B6-3B5C-461B-8F0D-BB792CA55BF6}.Debug|Any CPU.Build.0 = Debug|Any CPU
		{8D76C3B6-3B5C-461B-8F0D-BB792CA55BF6}.Release|Any CPU.ActiveCfg = Release|Any CPU
		{8D76C3B6-3B5C-461B-8F0D-BB792CA55BF6}.Release|Any CPU.Build.0 = Release|Any CPU
		{ABBFD3F3-6BA0-4958-8492-A00D0702D09E}.Debug|Any CPU.ActiveCfg = Debug|Any CPU
		{ABBFD3F3-6BA0-4958-8492-A00D0702D09E}.Debug|Any CPU.Build.0 = Debug|Any CPU
		{ABBFD3F3-6BA0-4958-8492-A00D0702D09E}.Release|Any CPU.ActiveCfg = Release|Any CPU
		{ABBFD3F3-6BA0-4958-8492-A00D0702D09E}.Release|Any CPU.Build.0 = Release|Any CPU
		{74A659EF-2E3B-47A9-9F78-A03D40D0D81D}.Debug|Any CPU.ActiveCfg = Debug|Any CPU
		{74A659EF-2E3B-47A9-9F78-A03D40D0D81D}.Debug|Any CPU.Build.0 = Debug|Any CPU
		{74A659EF-2E3B-47A9-9F78-A03D40D0D81D}.Release|Any CPU.ActiveCfg = Release|Any CPU
		{74A659EF-2E3B-47A9-9F78-A03D40D0D81D}.Release|Any CPU.Build.0 = Release|Any CPU
		{5B87D4BD-AA29-49DC-98B4-562D0BB03519}.Debug|Any CPU.ActiveCfg = Debug|Any CPU
		{5B87D4BD-AA29-49DC-98B4-562D0BB03519}.Debug|Any CPU.Build.0 = Debug|Any CPU
		{5B87D4BD-AA29-49DC-98B4-562D0BB03519}.Release|Any CPU.ActiveCfg = Release|Any CPU
		{5B87D4BD-AA29-49DC-98B4-562D0BB03519}.Release|Any CPU.Build.0 = Release|Any CPU
	EndGlobalSection
	GlobalSection(SolutionProperties) = preSolution
		HideSolutionNode = FALSE
	EndGlobalSection
	GlobalSection(NestedProjects) = preSolution
		{22210060-4300-49C7-8103-574B5A524191} = {FD5EEDDB-D72B-4F00-8861-4A467AAF6D93}
		{B20F44D2-CCD3-494D-B799-4EC3D86F5EA9} = {22210060-4300-49C7-8103-574B5A524191}
		{B073CC1F-9382-4D88-8EC3-67C3A81389E7} = {FD5EEDDB-D72B-4F00-8861-4A467AAF6D93}
		{BF058421-1E73-479B-8D2F-F8CABF855FFD} = {B073CC1F-9382-4D88-8EC3-67C3A81389E7}
		{CEDF0959-866C-4465-B163-3894E1570163} = {B073CC1F-9382-4D88-8EC3-67C3A81389E7}
		{995B46ED-D51E-42A8-98BE-4D9B9EC5FA2B} = {22210060-4300-49C7-8103-574B5A524191}
		{3D5ED70D-1EB5-4CA9-B221-2F5AB36E4702} = {FD5EEDDB-D72B-4F00-8861-4A467AAF6D93}
		{5905CF35-FBBF-4B3A-8A8A-7A538EC5F2D7} = {3D5ED70D-1EB5-4CA9-B221-2F5AB36E4702}
		{B740E387-CC06-41D2-85AB-0626DB56E8C1} = {3D5ED70D-1EB5-4CA9-B221-2F5AB36E4702}
		{0A4AD4B2-D79B-4BDD-8FEF-EC359E2E0CFA} = {FD5EEDDB-D72B-4F00-8861-4A467AAF6D93}
		{285F6566-311C-445A-A395-9B0383F0F30E} = {0A4AD4B2-D79B-4BDD-8FEF-EC359E2E0CFA}
		{0F1174AA-CC60-4053-BF9D-6AF52D04A3DD} = {0A4AD4B2-D79B-4BDD-8FEF-EC359E2E0CFA}
		{4DE1251C-EAD6-419B-8B1A-72F0A8F95E44} = {FD5EEDDB-D72B-4F00-8861-4A467AAF6D93}
		{FE2FAEA6-2F38-4B6B-958C-63C227F3D891} = {4DE1251C-EAD6-419B-8B1A-72F0A8F95E44}
		{C4E11F97-1B28-494F-8D77-735DACEB571A} = {4DE1251C-EAD6-419B-8B1A-72F0A8F95E44}
		{9C287F34-BD56-40A0-9581-70C8BBBBC63B} = {FD5EEDDB-D72B-4F00-8861-4A467AAF6D93}
		{27856D3C-20DE-44FB-A2AA-FDEF2BB84614} = {9C287F34-BD56-40A0-9581-70C8BBBBC63B}
		{8D76C3B6-3B5C-461B-8F0D-BB792CA55BF6} = {9C287F34-BD56-40A0-9581-70C8BBBBC63B}
		{ABBFD3F3-6BA0-4958-8492-A00D0702D09E} = {3D5ED70D-1EB5-4CA9-B221-2F5AB36E4702}
		{3FD0A123-2E09-4F04-AE8D-13A56DF632DE} = {FD5EEDDB-D72B-4F00-8861-4A467AAF6D93}
		{74A659EF-2E3B-47A9-9F78-A03D40D0D81D} = {3FD0A123-2E09-4F04-AE8D-13A56DF632DE}
		{5B87D4BD-AA29-49DC-98B4-562D0BB03519} = {22210060-4300-49C7-8103-574B5A524191}
	EndGlobalSection
	GlobalSection(ExtensibilityGlobals) = postSolution
		SolutionGuid = {CA913FE5-7712-4872-B047-4201AC13945F}
	EndGlobalSection
EndGlobal
